// !$*UTF8*$!
{
	archiveVersion = 1;
	classes = {
	};
	objectVersion = 48;
	objects = {

/* Begin PBXBuildFile section */
		1B4D8BAD1FE89D7C001E55C2 /* AppDelegate.swift in Sources */ = {isa = PBXBuildFile; fileRef = 1B4D8BAC1FE89D7C001E55C2 /* AppDelegate.swift */; };
		1B4D8BAF1FE89D7C001E55C2 /* ViewController.swift in Sources */ = {isa = PBXBuildFile; fileRef = 1B4D8BAE1FE89D7C001E55C2 /* ViewController.swift */; };
		1B4D8BB21FE89D7C001E55C2 /* Main.storyboard in Resources */ = {isa = PBXBuildFile; fileRef = 1B4D8BB01FE89D7C001E55C2 /* Main.storyboard */; };
		1B4D8BB41FE89D7C001E55C2 /* Assets.xcassets in Resources */ = {isa = PBXBuildFile; fileRef = 1B4D8BB31FE89D7C001E55C2 /* Assets.xcassets */; };
		1B4D8BB71FE89D7C001E55C2 /* LaunchScreen.storyboard in Resources */ = {isa = PBXBuildFile; fileRef = 1B4D8BB51FE89D7C001E55C2 /* LaunchScreen.storyboard */; };
		1B4D8BC21FE89D7D001E55C2 /* BullsEyeTests.swift in Sources */ = {isa = PBXBuildFile; fileRef = 1B4D8BC11FE89D7D001E55C2 /* BullsEyeTests.swift */; };
/* End PBXBuildFile section */

/* Begin PBXContainerItemProxy section */
		1B4D8BBE1FE89D7D001E55C2 /* PBXContainerItemProxy */ = {
			isa = PBXContainerItemProxy;
			containerPortal = 1B4D8BA11FE89D7C001E55C2 /* Project object */;
			proxyType = 1;
			remoteGlobalIDString = 1B4D8BA81FE89D7C001E55C2;
			remoteInfo = BullsEye;
		};
/* End PBXContainerItemProxy section */

/* Begin PBXFileReference section */
		1B4D8BA91FE89D7C001E55C2 /* BullsEye.app */ = {isa = PBXFileReference; explicitFileType = wrapper.application; includeInIndex = 0; path = BullsEye.app; sourceTree = BUILT_PRODUCTS_DIR; };
		1B4D8BAC1FE89D7C001E55C2 /* AppDelegate.swift */ = {isa = PBXFileReference; lastKnownFileType = sourcecode.swift; path = AppDelegate.swift; sourceTree = "<group>"; };
		1B4D8BAE1FE89D7C001E55C2 /* ViewController.swift */ = {isa = PBXFileReference; lastKnownFileType = sourcecode.swift; path = ViewController.swift; sourceTree = "<group>"; };
		1B4D8BB11FE89D7C001E55C2 /* Base */ = {isa = PBXFileReference; lastKnownFileType = file.storyboard; name = Base; path = Base.lproj/Main.storyboard; sourceTree = "<group>"; };
		1B4D8BB31FE89D7C001E55C2 /* Assets.xcassets */ = {isa = PBXFileReference; lastKnownFileType = folder.assetcatalog; path = Assets.xcassets; sourceTree = "<group>"; };
		1B4D8BB61FE89D7C001E55C2 /* Base */ = {isa = PBXFileReference; lastKnownFileType = file.storyboard; name = Base; path = Base.lproj/LaunchScreen.storyboard; sourceTree = "<group>"; };
		1B4D8BB81FE89D7C001E55C2 /* Info.plist */ = {isa = PBXFileReference; lastKnownFileType = text.plist.xml; path = Info.plist; sourceTree = "<group>"; };
		1B4D8BBD1FE89D7D001E55C2 /* BullsEyeTests.xctest */ = {isa = PBXFileReference; explicitFileType = wrapper.cfbundle; includeInIndex = 0; path = BullsEyeTests.xctest; sourceTree = BUILT_PRODUCTS_DIR; };
		1B4D8BC11FE89D7D001E55C2 /* BullsEyeTests.swift */ = {isa = PBXFileReference; lastKnownFileType = sourcecode.swift; path = BullsEyeTests.swift; sourceTree = "<group>"; };
		1B4D8BC31FE89D7D001E55C2 /* Info.plist */ = {isa = PBXFileReference; lastKnownFileType = text.plist.xml; path = Info.plist; sourceTree = "<group>"; };
/* End PBXFileReference section */

/* Begin PBXFrameworksBuildPhase section */
		1B4D8BA61FE89D7C001E55C2 /* Frameworks */ = {
			isa = PBXFrameworksBuildPhase;
			buildActionMask = 2147483647;
			files = (
			);
			runOnlyForDeploymentPostprocessing = 0;
		};
		1B4D8BBA1FE89D7D001E55C2 /* Frameworks */ = {
			isa = PBXFrameworksBuildPhase;
			buildActionMask = 2147483647;
			files = (
			);
			runOnlyForDeploymentPostprocessing = 0;
		};
/* End PBXFrameworksBuildPhase section */

/* Begin PBXGroup section */
		1B4D8BA01FE89D7C001E55C2 = {
			isa = PBXGroup;
			children = (
				1B4D8BAB1FE89D7C001E55C2 /* BullsEye */,
				1B4D8BC01FE89D7D001E55C2 /* BullsEyeTests */,
				1B4D8BAA1FE89D7C001E55C2 /* Products */,
			);
			sourceTree = "<group>";
		};
		1B4D8BAA1FE89D7C001E55C2 /* Products */ = {
			isa = PBXGroup;
			children = (
				1B4D8BA91FE89D7C001E55C2 /* BullsEye.app */,
				1B4D8BBD1FE89D7D001E55C2 /* BullsEyeTests.xctest */,
			);
			name = Products;
			sourceTree = "<group>";
		};
		1B4D8BAB1FE89D7C001E55C2 /* BullsEye */ = {
			isa = PBXGroup;
			children = (
				1B4D8BAC1FE89D7C001E55C2 /* AppDelegate.swift */,
				1B4D8BAE1FE89D7C001E55C2 /* ViewController.swift */,
				1B4D8BB01FE89D7C001E55C2 /* Main.storyboard */,
				1B4D8BB31FE89D7C001E55C2 /* Assets.xcassets */,
				1B4D8BB51FE89D7C001E55C2 /* LaunchScreen.storyboard */,
				1B4D8BB81FE89D7C001E55C2 /* Info.plist */,
			);
			path = BullsEye;
			sourceTree = "<group>";
		};
		1B4D8BC01FE89D7D001E55C2 /* BullsEyeTests */ = {
			isa = PBXGroup;
			children = (
				1B4D8BC11FE89D7D001E55C2 /* BullsEyeTests.swift */,
				1B4D8BC31FE89D7D001E55C2 /* Info.plist */,
			);
			path = BullsEyeTests;
			sourceTree = "<group>";
		};
/* End PBXGroup section */

/* Begin PBXNativeTarget section */
		1B4D8BA81FE89D7C001E55C2 /* BullsEye */ = {
			isa = PBXNativeTarget;
			buildConfigurationList = 1B4D8BC61FE89D7D001E55C2 /* Build configuration list for PBXNativeTarget "BullsEye" */;
			buildPhases = (
				1B4D8BA51FE89D7C001E55C2 /* Sources */,
				1B4D8BA61FE89D7C001E55C2 /* Frameworks */,
				1B4D8BA71FE89D7C001E55C2 /* Resources */,
			);
			buildRules = (
			);
			dependencies = (
			);
			name = BullsEye;
			productName = BullsEye;
			productReference = 1B4D8BA91FE89D7C001E55C2 /* BullsEye.app */;
			productType = "com.apple.product-type.application";
		};
		1B4D8BBC1FE89D7D001E55C2 /* BullsEyeTests */ = {
			isa = PBXNativeTarget;
			buildConfigurationList = 1B4D8BC91FE89D7D001E55C2 /* Build configuration list for PBXNativeTarget "BullsEyeTests" */;
			buildPhases = (
				1B4D8BB91FE89D7D001E55C2 /* Sources */,
				1B4D8BBA1FE89D7D001E55C2 /* Frameworks */,
				1B4D8BBB1FE89D7D001E55C2 /* Resources */,
			);
			buildRules = (
			);
			dependencies = (
				1B4D8BBF1FE89D7D001E55C2 /* PBXTargetDependency */,
			);
			name = BullsEyeTests;
			productName = BullsEyeTests;
			productReference = 1B4D8BBD1FE89D7D001E55C2 /* BullsEyeTests.xctest */;
			productType = "com.apple.product-type.bundle.unit-test";
		};
/* End PBXNativeTarget section */

/* Begin PBXProject section */
		1B4D8BA11FE89D7C001E55C2 /* Project object */ = {
			isa = PBXProject;
			attributes = {
				LastSwiftUpdateCheck = 0900;
				LastUpgradeCheck = 0900;
				ORGANIZATIONNAME = "Wang Xu";
				TargetAttributes = {
					1B4D8BA81FE89D7C001E55C2 = {
						CreatedOnToolsVersion = 9.0;
						ProvisioningStyle = Automatic;
					};
					1B4D8BBC1FE89D7D001E55C2 = {
						CreatedOnToolsVersion = 9.0;
						ProvisioningStyle = Automatic;
						TestTargetID = 1B4D8BA81FE89D7C001E55C2;
					};
				};
			};
			buildConfigurationList = 1B4D8BA41FE89D7C001E55C2 /* Build configuration list for PBXProject "BullsEye" */;
			compatibilityVersion = "Xcode 8.0";
			developmentRegion = en;
			hasScannedForEncodings = 0;
			knownRegions = (
				en,
				Base,
			);
			mainGroup = 1B4D8BA01FE89D7C001E55C2;
			productRefGroup = 1B4D8BAA1FE89D7C001E55C2 /* Products */;
			projectDirPath = "";
			projectRoot = "";
			targets = (
				1B4D8BA81FE89D7C001E55C2 /* BullsEye */,
				1B4D8BBC1FE89D7D001E55C2 /* BullsEyeTests */,
			);
		};
/* End PBXProject section */

/* Begin PBXResourcesBuildPhase section */
		1B4D8BA71FE89D7C001E55C2 /* Resources */ = {
			isa = PBXResourcesBuildPhase;
			buildActionMask = 2147483647;
			files = (
				1B4D8BB71FE89D7C001E55C2 /* LaunchScreen.storyboard in Resources */,
				1B4D8BB41FE89D7C001E55C2 /* Assets.xcassets in Resources */,
				1B4D8BB21FE89D7C001E55C2 /* Main.storyboard in Resources */,
			);
			runOnlyForDeploymentPostprocessing = 0;
		};
		1B4D8BBB1FE89D7D001E55C2 /* Resources */ = {
			isa = PBXResourcesBuildPhase;
			buildActionMask = 2147483647;
			files = (
			);
			runOnlyForDeploymentPostprocessing = 0;
		};
/* End PBXResourcesBuildPhase section */

/* Begin PBXSourcesBuildPhase section */
		1B4D8BA51FE89D7C001E55C2 /* Sources */ = {
			isa = PBXSourcesBuildPhase;
			buildActionMask = 2147483647;
			files = (
				1B4D8BAF1FE89D7C001E55C2 /* ViewController.swift in Sources */,
				1B4D8BAD1FE89D7C001E55C2 /* AppDelegate.swift in Sources */,
			);
			runOnlyForDeploymentPostprocessing = 0;
		};
		1B4D8BB91FE89D7D001E55C2 /* Sources */ = {
			isa = PBXSourcesBuildPhase;
			buildActionMask = 2147483647;
			files = (
				1B4D8BC21FE89D7D001E55C2 /* BullsEyeTests.swift in Sources */,
			);
			runOnlyForDeploymentPostprocessing = 0;
		};
/* End PBXSourcesBuildPhase section */

/* Begin PBXTargetDependency section */
		1B4D8BBF1FE89D7D001E55C2 /* PBXTargetDependency */ = {
			isa = PBXTargetDependency;
			target = 1B4D8BA81FE89D7C001E55C2 /* BullsEye */;
			targetProxy = 1B4D8BBE1FE89D7D001E55C2 /* PBXContainerItemProxy */;
		};
/* End PBXTargetDependency section */

/* Begin PBXVariantGroup section */
		1B4D8BB01FE89D7C001E55C2 /* Main.storyboard */ = {
			isa = PBXVariantGroup;
			children = (
				1B4D8BB11FE89D7C001E55C2 /* Base */,
			);
			name = Main.storyboard;
			sourceTree = "<group>";
		};
		1B4D8BB51FE89D7C001E55C2 /* LaunchScreen.storyboard */ = {
			isa = PBXVariantGroup;
			children = (
				1B4D8BB61FE89D7C001E55C2 /* Base */,
			);
			name = LaunchScreen.storyboard;
			sourceTree = "<group>";
		};
/* End PBXVariantGroup section */

/* Begin XCBuildConfiguration section */
		1B4D8BC41FE89D7D001E55C2 /* Debug */ = {
			isa = XCBuildConfiguration;
			buildSettings = {
				ALWAYS_SEARCH_USER_PATHS = NO;
				CLANG_ANALYZER_NONNULL = YES;
				CLANG_ANALYZER_NUMBER_OBJECT_CONVERSION = YES_AGGRESSIVE;
				CLANG_CXX_LANGUAGE_STANDARD = "gnu++14";
				CLANG_CXX_LIBRARY = "libc++";
				CLANG_ENABLE_MODULES = YES;
				CLANG_ENABLE_OBJC_ARC = YES;
				CLANG_WARN_BLOCK_CAPTURE_AUTORELEASING = YES;
				CLANG_WARN_BOOL_CONVERSION = YES;
				CLANG_WARN_COMMA = YES;
				CLANG_WARN_CONSTANT_CONVERSION = YES;
				CLANG_WARN_DIRECT_OBJC_ISA_USAGE = YES_ERROR;
				CLANG_WARN_DOCUMENTATION_COMMENTS = YES;
				CLANG_WARN_EMPTY_BODY = YES;
				CLANG_WARN_ENUM_CONVERSION = YES;
				CLANG_WARN_INFINITE_RECURSION = YES;
				CLANG_WARN_INT_CONVERSION = YES;
				CLANG_WARN_NON_LITERAL_NULL_CONVERSION = YES;
				CLANG_WARN_OBJC_LITERAL_CONVERSION = YES;
				CLANG_WARN_OBJC_ROOT_CLASS = YES_ERROR;
				CLANG_WARN_RANGE_LOOP_ANALYSIS = YES;
				CLANG_WARN_STRICT_PROTOTYPES = YES;
				CLANG_WARN_SUSPICIOUS_MOVE = YES;
				CLANG_WARN_UNGUARDED_AVAILABILITY = YES_AGGRESSIVE;
				CLANG_WARN_UNREACHABLE_CODE = YES;
				CLANG_WARN__DUPLICATE_METHOD_MATCH = YES;
				CODE_SIGN_IDENTITY = "iPhone Developer";
				COPY_PHASE_STRIP = NO;
				DEBUG_INFORMATION_FORMAT = dwarf;
				ENABLE_STRICT_OBJC_MSGSEND = YES;
				ENABLE_TESTABILITY = YES;
				GCC_C_LANGUAGE_STANDARD = gnu11;
				GCC_DYNAMIC_NO_PIC = NO;
				GCC_NO_COMMON_BLOCKS = YES;
				GCC_OPTIMIZATION_LEVEL = 0;
				GCC_PREPROCESSOR_DEFINITIONS = (
					"DEBUG=1",
					"$(inherited)",
				);
				GCC_WARN_64_TO_32_BIT_CONVERSION = YES;
				GCC_WARN_ABOUT_RETURN_TYPE = YES_ERROR;
				GCC_WARN_UNDECLARED_SELECTOR = YES;
				GCC_WARN_UNINITIALIZED_AUTOS = YES_AGGRESSIVE;
				GCC_WARN_UNUSED_FUNCTION = YES;
				GCC_WARN_UNUSED_VARIABLE = YES;
				IPHONEOS_DEPLOYMENT_TARGET = 11.0;
				MTL_ENABLE_DEBUG_INFO = YES;
				ONLY_ACTIVE_ARCH = YES;
				SDKROOT = iphoneos;
				SWIFT_ACTIVE_COMPILATION_CONDITIONS = DEBUG;
				SWIFT_OPTIMIZATION_LEVEL = "-Onone";
			};
			name = Debug;
		};
		1B4D8BC51FE89D7D001E55C2 /* Release */ = {
			isa = XCBuildConfiguration;
			buildSettings = {
				ALWAYS_SEARCH_USER_PATHS = NO;
				CLANG_ANALYZER_NONNULL = YES;
				CLANG_ANALYZER_NUMBER_OBJECT_CONVERSION = YES_AGGRESSIVE;
				CLANG_CXX_LANGUAGE_STANDARD = "gnu++14";
				CLANG_CXX_LIBRARY = "libc++";
				CLANG_ENABLE_MODULES = YES;
				CLANG_ENABLE_OBJC_ARC = YES;
				CLANG_WARN_BLOCK_CAPTURE_AUTORELEASING = YES;
				CLANG_WARN_BOOL_CONVERSION = YES;
				CLANG_WARN_COMMA = YES;
				CLANG_WARN_CONSTANT_CONVERSION = YES;
				CLANG_WARN_DIRECT_OBJC_ISA_USAGE = YES_ERROR;
				CLANG_WARN_DOCUMENTATION_COMMENTS = YES;
				CLANG_WARN_EMPTY_BODY = YES;
				CLANG_WARN_ENUM_CONVERSION = YES;
				CLANG_WARN_INFINITE_RECURSION = YES;
				CLANG_WARN_INT_CONVERSION = YES;
				CLANG_WARN_NON_LITERAL_NULL_CONVERSION = YES;
				CLANG_WARN_OBJC_LITERAL_CONVERSION = YES;
				CLANG_WARN_OBJC_ROOT_CLASS = YES_ERROR;
				CLANG_WARN_RANGE_LOOP_ANALYSIS = YES;
				CLANG_WARN_STRICT_PROTOTYPES = YES;
				CLANG_WARN_SUSPICIOUS_MOVE = YES;
				CLANG_WARN_UNGUARDED_AVAILABILITY = YES_AGGRESSIVE;
				CLANG_WARN_UNREACHABLE_CODE = YES;
				CLANG_WARN__DUPLICATE_METHOD_MATCH = YES;
				CODE_SIGN_IDENTITY = "iPhone Developer";
				COPY_PHASE_STRIP = NO;
				DEBUG_INFORMATION_FORMAT = "dwarf-with-dsym";
				ENABLE_NS_ASSERTIONS = NO;
				ENABLE_STRICT_OBJC_MSGSEND = YES;
				GCC_C_LANGUAGE_STANDARD = gnu11;
				GCC_NO_COMMON_BLOCKS = YES;
				GCC_WARN_64_TO_32_BIT_CONVERSION = YES;
				GCC_WARN_ABOUT_RETURN_TYPE = YES_ERROR;
				GCC_WARN_UNDECLARED_SELECTOR = YES;
				GCC_WARN_UNINITIALIZED_AUTOS = YES_AGGRESSIVE;
				GCC_WARN_UNUSED_FUNCTION = YES;
				GCC_WARN_UNUSED_VARIABLE = YES;
				IPHONEOS_DEPLOYMENT_TARGET = 11.0;
				MTL_ENABLE_DEBUG_INFO = NO;
				SDKROOT = iphoneos;
				SWIFT_OPTIMIZATION_LEVEL = "-Owholemodule";
				VALIDATE_PRODUCT = YES;
			};
			name = Release;
		};
		1B4D8BC71FE89D7D001E55C2 /* Debug */ = {
			isa = XCBuildConfiguration;
			buildSettings = {
				ASSETCATALOG_COMPILER_APPICON_NAME = AppIcon;
				CODE_SIGN_STYLE = Automatic;
				DEVELOPMENT_TEAM = 63N9JPE2NQ;
				INFOPLIST_FILE = BullsEye/Info.plist;
				LD_RUNPATH_SEARCH_PATHS = "$(inherited) @executable_path/Frameworks";
				PRODUCT_BUNDLE_IDENTIFIER = mike.BullsEye;
				PRODUCT_NAME = "$(TARGET_NAME)";
				SWIFT_VERSION = 4.0;
				TARGETED_DEVICE_FAMILY = "1,2";
			};
			name = Debug;
		};
		1B4D8BC81FE89D7D001E55C2 /* Release */ = {
			isa = XCBuildConfiguration;
			buildSettings = {
				ASSETCATALOG_COMPILER_APPICON_NAME = AppIcon;
				CODE_SIGN_STYLE = Automatic;
				DEVELOPMENT_TEAM = 63N9JPE2NQ;
				INFOPLIST_FILE = BullsEye/Info.plist;
				LD_RUNPATH_SEARCH_PATHS = "$(inherited) @executable_path/Frameworks";
				PRODUCT_BUNDLE_IDENTIFIER = mike.BullsEye;
				PRODUCT_NAME = "$(TARGET_NAME)";
				SWIFT_VERSION = 4.0;
				TARGETED_DEVICE_FAMILY = "1,2";
			};
			name = Release;
		};
		1B4D8BCA1FE89D7D001E55C2 /* Debug */ = {
			isa = XCBuildConfiguration;
			buildSettings = {
				ALWAYS_EMBED_SWIFT_STANDARD_LIBRARIES = YES;
				BUNDLE_LOADER = "$(TEST_HOST)";
				CODE_SIGN_STYLE = Automatic;
				DEVELOPMENT_TEAM = 63N9JPE2NQ;
				INFOPLIST_FILE = BullsEyeTests/Info.plist;
				LD_RUNPATH_SEARCH_PATHS = "$(inherited) @executable_path/Frameworks @loader_path/Frameworks";
				PRODUCT_BUNDLE_IDENTIFIER = mike.BullsEyeTests;
				PRODUCT_NAME = "$(TARGET_NAME)";
				SWIFT_VERSION = 4.0;
				TARGETED_DEVICE_FAMILY = "1,2";
				TEST_HOST = "$(BUILT_PRODUCTS_DIR)/BullsEye.app/BullsEye";
			};
			name = Debug;
		};
		1B4D8BCB1FE89D7D001E55C2 /* Release */ = {
			isa = XCBuildConfiguration;
			buildSettings = {
				ALWAYS_EMBED_SWIFT_STANDARD_LIBRARIES = YES;
				BUNDLE_LOADER = "$(TEST_HOST)";
				CODE_SIGN_STYLE = Automatic;
				DEVELOPMENT_TEAM = 63N9JPE2NQ;
				INFOPLIST_FILE = BullsEyeTests/Info.plist;
				LD_RUNPATH_SEARCH_PATHS = "$(inherited) @executable_path/Frameworks @loader_path/Frameworks";
				PRODUCT_BUNDLE_IDENTIFIER = mike.BullsEyeTests;
				PRODUCT_NAME = "$(TARGET_NAME)";
				SWIFT_VERSION = 4.0;
				TARGETED_DEVICE_FAMILY = "1,2";
				TEST_HOST = "$(BUILT_PRODUCTS_DIR)/BullsEye.app/BullsEye";
			};
			name = Release;
		};
/* End XCBuildConfiguration section */

/* Begin XCConfigurationList section */
		1B4D8BA41FE89D7C001E55C2 /* Build configuration list for PBXProject "BullsEye" */ = {
			isa = XCConfigurationList;
			buildConfigurations = (
				1B4D8BC41FE89D7D001E55C2 /* Debug */,
				1B4D8BC51FE89D7D001E55C2 /* Release */,
			);
			defaultConfigurationIsVisible = 0;
			defaultConfigurationName = Release;
		};
		1B4D8BC61FE89D7D001E55C2 /* Build configuration list for PBXNativeTarget "BullsEye" */ = {
			isa = XCConfigurationList;
			buildConfigurations = (
				1B4D8BC71FE89D7D001E55C2 /* Debug */,
				1B4D8BC81FE89D7D001E55C2 /* Release */,
			);
			defaultConfigurationIsVisible = 0;
			defaultConfigurationName = Release;
		};
		1B4D8BC91FE89D7D001E55C2 /* Build configuration list for PBXNativeTarget "BullsEyeTests" */ = {
			isa = XCConfigurationList;
			buildConfigurations = (
				1B4D8BCA1FE89D7D001E55C2 /* Debug */,
				1B4D8BCB1FE89D7D001E55C2 /* Release */,
			);
			defaultConfigurationIsVisible = 0;
			defaultConfigurationName = Release;
		};
/* End XCConfigurationList section */
	};
	rootObject = 1B4D8BA11FE89D7C001E55C2 /* Project object */;
}
